
Microsoft Visual Studio Solution File, Format Version 12.00
# Visual Studio 15
VisualStudioVersion = 15.0.28010.2016
MinimumVisualStudioVersion = 10.0.40219.1
Project("{FAE04EC0-301F-11D3-BF4B-00C04F79EFBC}") = "LexicalScanner", "LexicalScanner\LexicalScanner.csproj", "{44D99F72-1388-4EC7-9DAA-326B234085C3}"
EndProject
Global
	GlobalSection(SolutionConfigurationPlatforms) = preSolution
		Debug|Any CPU = Debug|Any CPU
		Release|Any CPU = Release|Any CPU
	EndGlobalSection
	GlobalSection(ProjectConfigurationPlatforms) = postSolution
		{44D99F72-1388-4EC7-9DAA-326B234085C3}.Debug|Any CPU.ActiveCfg = Debug|Any CPU
		{44D99F72-1388-4EC7-9DAA-326B234085C3}.Debug|Any CPU.Build.0 = Debug|Any CPU
		{44D99F72-1388-4EC7-9DAA-326B234085C3}.Release|Any CPU.ActiveCfg = Release|Any CPU
		{44D99F72-1388-4EC7-9DAA-326B234085C3}.Release|Any CPU.Build.0 = Release|Any CPU
	EndGlobalSection
	GlobalSection(SolutionProperties) = preSolution
		HideSolutionNode = FALSE
	EndGlobalSection
	GlobalSection(ExtensibilityGlobals) = postSolution
		SolutionGuid = {7A86FD1C-E5A5-4EBF-A765-118A2D11C087}
	EndGlobalSection
EndGlobal
